# @generated by Move, please check-in and do not edit manually.

[move]
version = 3
manifest_digest = "12BDF8EE3CF9340EEA6442B949A033659A5CC2056DE7B6AFF22CDBA005CCDF09"
deps_digest = "F8BBB0CCB2491CA29A3DF03D6F92277A4F3574266507ACD77214D37ECA3F3082"
dependencies = [
  { id = "Iota", name = "Iota" },
]

[[move.package]]
id = "Iota"
source = { git = "https://github.com/iotaledger/iota.git", rev = "devnet", subdir = "crates/iota-framework/packages/iota-framework" }

dependencies = [
  { id = "MoveStdlib", name = "MoveStdlib" },
]

[[move.package]]
id = "MoveStdlib"
source = { git = "https://github.com/iotaledger/iota.git", rev = "devnet", subdir = "crates/iota-framework/packages/move-stdlib" }

[move.toolchain-version]
compiler-version = "1.11.0-rc"
edition = "2024"
flavor = "iota"

[env]

[env.testnet]
chain-id = "2304aa97"
original-published-id = "0xb33febeb28bc6c620811246d0e4844098b29368744b99ccf02fb3dabb8be2852"
latest-published-id = "0xb33febeb28bc6c620811246d0e4844098b29368744b99ccf02fb3dabb8be2852"
published-version = "1"

[env.devnet]
chain-id = "e678123a"
original-published-id = "0x6183cd7c03abb85163b0a9e34a53bbabfadf4f24eb4c09376aa59b0d49840a8c"
latest-published-id = "0x6183cd7c03abb85163b0a9e34a53bbabfadf4f24eb4c09376aa59b0d49840a8c"
published-version = "1"
